
Microsoft Visual Studio Solution File, Format Version 12.00
# Visual Studio Version 16
VisualStudioVersion = 16.0.29418.71
MinimumVisualStudioVersion = 10.0.40219.1
Project("{FAE04EC0-301F-11D3-BF4B-00C04F79EFBC}") = "CielPostal.Module", "CielPostal.Module\CielPostal.Module.csproj", "{5F15837D-D1E5-44DC-92F0-4F2EBE9C3F8D}"
EndProject
Project("{FAE04EC0-301F-11D3-BF4B-00C04F79EFBC}") = "CielPostal.Module.Web", "CielPostal.Module.Web\CielPostal.Module.Web.csproj", "{0C729AAD-7626-4668-A7F1-35F7D240489D}"
EndProject
Project("{FAE04EC0-301F-11D3-BF4B-00C04F79EFBC}") = "CielPostal.Web", "CielPostal.Web\CielPostal.Web.csproj", "{82A6DBC9-B1B4-44E4-9718-55DF930CD349}"
EndProject
Project("{FAE04EC0-301F-11D3-BF4B-00C04F79EFBC}") = "CielPostal.Module.Win", "CielPostal.Module.Win\CielPostal.Module.Win.csproj", "{7964F87D-BC5D-4C4E-8B2F-71E89739AA97}"
EndProject
Project("{FAE04EC0-301F-11D3-BF4B-00C04F79EFBC}") = "CielPostal.Win", "CielPostal.Win\CielPostal.Win.csproj", "{D05D93DF-312D-4D4E-B980-726871EC7833}"
EndProject
Project("{FAE04EC0-301F-11D3-BF4B-00C04F79EFBC}") = "CielPostal.Wcf", "CielPostal.Wcf\CielPostal.Wcf.csproj", "{FB0DB37F-9F1E-4402-A989-3B14E1B62402}"
EndProject
Project("{FAE04EC0-301F-11D3-BF4B-00C04F79EFBC}") = "CielPostal.Svc", "CielPostal.Svc\CielPostal.Svc.csproj", "{76804593-CC95-4E5C-858C-4C7A912A97B5}"
	ProjectSection(ProjectDependencies) = postProject
		{FB0DB37F-9F1E-4402-A989-3B14E1B62402} = {FB0DB37F-9F1E-4402-A989-3B14E1B62402}
	EndProjectSection
EndProject
Global
	GlobalSection(SolutionConfigurationPlatforms) = preSolution
		Debug|Any CPU = Debug|Any CPU
		EasyTest|Any CPU = EasyTest|Any CPU
		Release|Any CPU = Release|Any CPU
	EndGlobalSection
	GlobalSection(ProjectConfigurationPlatforms) = postSolution
		{5F15837D-D1E5-44DC-92F0-4F2EBE9C3F8D}.Debug|Any CPU.ActiveCfg = Debug|Any CPU
		{5F15837D-D1E5-44DC-92F0-4F2EBE9C3F8D}.Debug|Any CPU.Build.0 = Debug|Any CPU
		{5F15837D-D1E5-44DC-92F0-4F2EBE9C3F8D}.EasyTest|Any CPU.ActiveCfg = EasyTest|Any CPU
		{5F15837D-D1E5-44DC-92F0-4F2EBE9C3F8D}.EasyTest|Any CPU.Build.0 = EasyTest|Any CPU
		{5F15837D-D1E5-44DC-92F0-4F2EBE9C3F8D}.Release|Any CPU.ActiveCfg = Release|Any CPU
		{5F15837D-D1E5-44DC-92F0-4F2EBE9C3F8D}.Release|Any CPU.Build.0 = Release|Any CPU
		{0C729AAD-7626-4668-A7F1-35F7D240489D}.Debug|Any CPU.ActiveCfg = Debug|Any CPU
		{0C729AAD-7626-4668-A7F1-35F7D240489D}.Debug|Any CPU.Build.0 = Debug|Any CPU
		{0C729AAD-7626-4668-A7F1-35F7D240489D}.EasyTest|Any CPU.ActiveCfg = EasyTest|Any CPU
		{0C729AAD-7626-4668-A7F1-35F7D240489D}.EasyTest|Any CPU.Build.0 = EasyTest|Any CPU
		{0C729AAD-7626-4668-A7F1-35F7D240489D}.Release|Any CPU.ActiveCfg = Release|Any CPU
		{0C729AAD-7626-4668-A7F1-35F7D240489D}.Release|Any CPU.Build.0 = Release|Any CPU
		{82A6DBC9-B1B4-44E4-9718-55DF930CD349}.Debug|Any CPU.ActiveCfg = Debug|Any CPU
		{82A6DBC9-B1B4-44E4-9718-55DF930CD349}.Debug|Any CPU.Build.0 = Debug|Any CPU
		{82A6DBC9-B1B4-44E4-9718-55DF930CD349}.EasyTest|Any CPU.ActiveCfg = EasyTest|Any CPU
		{82A6DBC9-B1B4-44E4-9718-55DF930CD349}.EasyTest|Any CPU.Build.0 = EasyTest|Any CPU
		{82A6DBC9-B1B4-44E4-9718-55DF930CD349}.Release|Any CPU.ActiveCfg = Release|Any CPU
		{82A6DBC9-B1B4-44E4-9718-55DF930CD349}.Release|Any CPU.Build.0 = Release|Any CPU
		{7964F87D-BC5D-4C4E-8B2F-71E89739AA97}.Debug|Any CPU.ActiveCfg = Debug|Any CPU
		{7964F87D-BC5D-4C4E-8B2F-71E89739AA97}.Debug|Any CPU.Build.0 = Debug|Any CPU
		{7964F87D-BC5D-4C4E-8B2F-71E89739AA97}.EasyTest|Any CPU.ActiveCfg = EasyTest|Any CPU
		{7964F87D-BC5D-4C4E-8B2F-71E89739AA97}.EasyTest|Any CPU.Build.0 = EasyTest|Any CPU
		{7964F87D-BC5D-4C4E-8B2F-71E89739AA97}.Release|Any CPU.ActiveCfg = Release|Any CPU
		{7964F87D-BC5D-4C4E-8B2F-71E89739AA97}.Release|Any CPU.Build.0 = Release|Any CPU
		{D05D93DF-312D-4D4E-B980-726871EC7833}.Debug|Any CPU.ActiveCfg = Debug|Any CPU
		{D05D93DF-312D-4D4E-B980-726871EC7833}.Debug|Any CPU.Build.0 = Debug|Any CPU
		{D05D93DF-312D-4D4E-B980-726871EC7833}.EasyTest|Any CPU.ActiveCfg = EasyTest|Any CPU
		{D05D93DF-312D-4D4E-B980-726871EC7833}.EasyTest|Any CPU.Build.0 = EasyTest|Any CPU
		{D05D93DF-312D-4D4E-B980-726871EC7833}.Release|Any CPU.ActiveCfg = Release|Any CPU
		{D05D93DF-312D-4D4E-B980-726871EC7833}.Release|Any CPU.Build.0 = Release|Any CPU
		{FB0DB37F-9F1E-4402-A989-3B14E1B62402}.Debug|Any CPU.ActiveCfg = Debug|Any CPU
		{FB0DB37F-9F1E-4402-A989-3B14E1B62402}.Debug|Any CPU.Build.0 = Debug|Any CPU
		{FB0DB37F-9F1E-4402-A989-3B14E1B62402}.EasyTest|Any CPU.ActiveCfg = Release|Any CPU
		{FB0DB37F-9F1E-4402-A989-3B14E1B62402}.EasyTest|Any CPU.Build.0 = Release|Any CPU
		{FB0DB37F-9F1E-4402-A989-3B14E1B62402}.Release|Any CPU.ActiveCfg = Release|Any CPU
		{FB0DB37F-9F1E-4402-A989-3B14E1B62402}.Release|Any CPU.Build.0 = Release|Any CPU
		{76804593-CC95-4E5C-858C-4C7A912A97B5}.Debug|Any CPU.ActiveCfg = Debug|Any CPU
		{76804593-CC95-4E5C-858C-4C7A912A97B5}.Debug|Any CPU.Build.0 = Debug|Any CPU
		{76804593-CC95-4E5C-858C-4C7A912A97B5}.EasyTest|Any CPU.ActiveCfg = Release|Any CPU
		{76804593-CC95-4E5C-858C-4C7A912A97B5}.EasyTest|Any CPU.Build.0 = Release|Any CPU
		{76804593-CC95-4E5C-858C-4C7A912A97B5}.Release|Any CPU.ActiveCfg = Release|Any CPU
		{76804593-CC95-4E5C-858C-4C7A912A97B5}.Release|Any CPU.Build.0 = Release|Any CPU
	EndGlobalSection
	GlobalSection(SolutionProperties) = preSolution
		HideSolutionNode = FALSE
	EndGlobalSection
	GlobalSection(ExtensibilityGlobals) = postSolution
		SolutionGuid = {336CB2EB-7936-4084-9422-5684C549366B}
	EndGlobalSection
EndGlobal
