<Project xmlns="http://schemas.microsoft.com/developer/msbuild/2003">
    <PropertyGroup>
        <ProjectGuid>{F1977461-E639-487D-9733-52A9973FB92D}</ProjectGuid>
        <ProjectVersion>15.3</ProjectVersion>
        <FrameworkType>VCL</FrameworkType>
        <MainSource>BradyBrazil.dpr</MainSource>
        <Base>True</Base>
        <Config Condition="'$(Config)'==''">Release</Config>
        <Platform Condition="'$(Platform)'==''">Win32</Platform>
        <TargetedPlatforms>3</TargetedPlatforms>
        <AppType>Application</AppType>
    </PropertyGroup>
    <PropertyGroup Condition="'$(Config)'=='Base' or '$(Base)'!=''">
        <Base>true</Base>
    </PropertyGroup>
    <PropertyGroup Condition="('$(Platform)'=='Win32' and '$(Base)'=='true') or '$(Base_Win32)'!=''">
        <Base_Win32>true</Base_Win32>
        <CfgParent>Base</CfgParent>
        <Base>true</Base>
    </PropertyGroup>
    <PropertyGroup Condition="('$(Platform)'=='Win64' and '$(Base)'=='true') or '$(Base_Win64)'!=''">
        <Base_Win64>true</Base_Win64>
        <CfgParent>Base</CfgParent>
        <Base>true</Base>
    </PropertyGroup>
    <PropertyGroup Condition="'$(Config)'=='Debug' or '$(Cfg_1)'!=''">
        <Cfg_1>true</Cfg_1>
        <CfgParent>Base</CfgParent>
        <Base>true</Base>
    </PropertyGroup>
    <PropertyGroup Condition="('$(Platform)'=='Win32' and '$(Cfg_1)'=='true') or '$(Cfg_1_Win32)'!=''">
        <Cfg_1_Win32>true</Cfg_1_Win32>
        <CfgParent>Cfg_1</CfgParent>
        <Cfg_1>true</Cfg_1>
        <Base>true</Base>
    </PropertyGroup>
    <PropertyGroup Condition="'$(Config)'=='Release' or '$(Cfg_2)'!=''">
        <Cfg_2>true</Cfg_2>
        <CfgParent>Base</CfgParent>
        <Base>true</Base>
    </PropertyGroup>
    <PropertyGroup Condition="('$(Platform)'=='Win32' and '$(Cfg_2)'=='true') or '$(Cfg_2_Win32)'!=''">
        <Cfg_2_Win32>true</Cfg_2_Win32>
        <CfgParent>Cfg_2</CfgParent>
        <Cfg_2>true</Cfg_2>
        <Base>true</Base>
    </PropertyGroup>
    <PropertyGroup Condition="'$(Base)'!=''">
        <Manifest_File>$(BDS)\bin\default_app.manifest</Manifest_File>
        <Icon_MainIcon>Brady_Icon.ico</Icon_MainIcon>
        <VerInfo_Locale>1046</VerInfo_Locale>
        <VerInfo_Keys>CompanyName=CIEL Soluções em TI;FileDescription=Brady;FileVersion=1.0.0.0;InternalName=Brady;LegalCopyright=;LegalTrademarks=;OriginalFilename=;ProductName=Brady;ProductVersion=1.0.0.0;Comments=Rafael Petrella</VerInfo_Keys>
        <Icns_MainIcns>$(BDS)\bin\delphi_PROJECTICNS.icns</Icns_MainIcns>
        <DCC_Namespace>System;Xml;Data;Datasnap;Web;Soap;Vcl;Vcl.Imaging;Vcl.Touch;Vcl.Samples;Vcl.Shell;$(DCC_Namespace)</DCC_Namespace>
        <DCC_DcuOutput>.\$(Platform)\$(Config)</DCC_DcuOutput>
        <DCC_ExeOutput>.\$(Platform)\$(Config)</DCC_ExeOutput>
        <DCC_E>false</DCC_E>
        <DCC_N>false</DCC_N>
        <DCC_S>false</DCC_S>
        <DCC_F>false</DCC_F>
        <DCC_K>false</DCC_K>
    </PropertyGroup>
    <PropertyGroup Condition="'$(Base_Win32)'!=''">
        <DCC_Namespace>Winapi;System.Win;Data.Win;Datasnap.Win;Web.Win;Soap.Win;Xml.Win;Bde;$(DCC_Namespace)</DCC_Namespace>
        <DCC_UsePackage>dxSkinOffice2007BlackRS19;dxSkinLiquidSkyRS19;dxSpreadSheetRS19;cxBarEditItemRS19;FireDACPgDriver;ACBr_GNRE;dxWizardControlRS19;dxPScxCommonRS19;dxThemeRS19;frx19;cxGridRS19;dxPScxExtCommonRS19;DBXInterBaseDriver;DataSnapServer;DataSnapCommon;dxMapControlRS19;cxSchedulerRS19;DbxCommonDriver;vclimg;dbxcds;dxFlowChartRS19;DatasnapConnectorsFreePascal;dxSkinSpringTimeRS19;dxdbtrRS19;vcldb;dxDockingRS19;dxSkinsdxDLPainterRS19;dxdborRS19;dxtrmdRS19;dxRibbonCustomizationFormRS19;dxSpellCheckerRS19;dxSkinOffice2013LightGrayRS19;CustomIPTransport;dxTileControlRS19;dsnap;IndyIPServer;ACBr_MDFe;dxSkinFoggyRS19;IndyCore;dxPSCoreRS19;cxSchedulerGridRS19;cxPivotGridOLAPRS19;dxSkinStardustRS19;CloudService;FmxTeeUI;FireDACIBDriver;dxSkinXmas2008BlueRS19;ACBr_NFe2;ACBr_SAT;dxSkinValentineRS19;dxPScxSchedulerLnkRS19;frxe19;FireDACDb2Driver;dxSkinDarkSideRS19;dxSkinLondonLiquidSkyRS19;dxBarExtDBItemsRS19;dxTabbedMDIRS19;frxDB19;dxSkinOffice2013WhiteRS19;ACBr_SEF2;dxSkinSharpRS19;bindcompfmx;dxSkinBlueprintRS19;ACBr_PAF;dxSkinOffice2007PinkRS19;vcldbx;cxExportRS19;FireDACODBCDriver;dxSkinCoffeeRS19;dbrtl;FireDACCommon;bindcomp;inetdb;ACBrMDFeDAMDFeRLpkg;dxSkinBlueRS19;dxServerModeRS19;DBXOdbcDriver;vclFireDAC;dxSkinMoneyTwinsRS19;cxPivotGridChartRS19;xmlrtl;RLibWinDXE3;ibxpress;dxSkiniMaginaryRS19;dxSkinOffice2007GreenRS19;FireDACCommonDriver;bindengine;vclactnband;soaprtl;FMXTee;ACBrComum;synapse;bindcompvcl;dxADOServerModeRS19;dxRibbonRS19;vclie;dxPSdxLCLnkRS19;ACBr_TEFD;ACBrNFeDanfeRLpkg;dxSkinBlackRS19;dxSkinOffice2010BlackRS19;ACBrNFeDanfeRV;dxSkinSevenClassicRS19;FireDACMSSQLDriver;DBXInformixDriver;Intraweb;dsnapcon;DBXFirebirdDriver;PCN2;inet;dxSkinscxSchedulerPainterRS19;cxSchedulerRibbonStyleEventEditorRS19;dxSkinsdxNavBarPainterRS19;dxPSdxFCLnkRS19;FireDACMySQLDriver;vclx;dxPSdxSpreadSheetLnkRS19;dxPSPrVwRibbonRS19;dxPSDBTeeChartRS19;DBXSybaseASADriver;RESTComponents;dxSkinLilianRS19;dxSkinscxPCPainterRS19;dbexpress;IndyIPClient;ACBr_Convenio115;ACBr_BoletoFC_Fortes;cxSchedulerTreeBrowserRS19;dxSkinSharpPlusRS19;dxPScxPivotGridLnkRS19;FireDACSqliteDriver;ACBr_SAT_Extrato_Fortes;DBXSqliteDriver;ACBrDiversos;ACBrTCP;dxSkinOffice2007BlueRS19;cxDataRS19;cxLibraryRS19;fmx;dxPSdxDBTVLnkRS19;IndySystem;TeeDB;dxPsPrVwAdvRS19;dxSkinHighContrastRS19;inetdbbde;vclib;DataSnapClient;DataSnapProviderClient;DBXSybaseASEDriver;ACBrGNREGuiaRLpkg;dxmdsRS19;dxSkinsdxBarPainterRS19;dxSkinOffice2010SilverRS19;MetropolisUILiveTile;dxPSdxOCLnkRS19;vcldsnap;fmxFireDAC;DBXDb2Driver;dxSkinDevExpressDarkStyleRS19;DBXOracleDriver;dxBarDBNavRS19;vclribbon;ACBr_SPED;dxSkinSilverRS19;dxSkinVS2010RS19;fmxase;vcl;dxPSdxDBOCLnkRS19;IndyIPCommon;DBXMSSQLDriver;CodeSiteExpressPkg;dxBarRS19;ACBr_Boleto;cxTreeListdxBarPopupMenuRS19;DataSnapFireDAC;FireDACDBXDriver;ACBr_Sintegra;dxFireDACServerModeRS19;inetdbxpress;webdsnap;ACBr_NFSe;cxEditorsRS19;dxSkinMcSkinRS19;ACBr_LFD;ACBr_SPED_Importar;ACBrCTeDacteRLpkg;adortl;dxSkinOffice2007SilverRS19;FireDACASADriver;dxSkinSevenRS19;dxDBXServerModeRS19;ACBrOpenSSL;dxLayoutControlRS19;dxSkinOffice2013DarkGrayRS19;dxSkinWhiteprintRS19;cxPageControlRS19;dxPSTeeChartRS19;dxGaugeControlRS19;ACBrCapicom;rtl;ACBrSerial;DbxClientDriver;dxPScxGridLnkRS19;Tee;cxVerticalGridRS19;ACBr_CTe;ACBrNFSeDanfseRLpkg;dxSkinMetropolisDarkRS19;svnui;dxSkinsdxRibbonPainterRS19;dxSkinSummer2008RS19;dxSkinTheAsphaltWorldRS19;dxComnRS19;IndyProtocols;DBXMySQLDriver;cxPivotGridRS19;dxPSLnksRS19;bindcompdbx;TeeUI;dxSkinDarkRoomRS19;dxSkinPumpkinRS19;dxBarExtItemsRS19;FireDACADSDriver;vcltouch;dxNavBarRS19;VclSmp;FireDAC;VCLRESTComponents;dxGDIPlusRS19;DataSnapConnectors;FireDACDataSnapDriver;dxSkinMetropolisRS19;dxCoreRS19;dxPScxVGridLnkRS19;dxPScxTLLnkRS19;dxSkinsCoreRS19;fmxobj;dxSkinGlassOceansRS19;ACBr_SAT_Extrato_ESCPOS;dxPScxPCProdRS19;svn;dxSkinOffice2010BlueRS19;FireDACOracleDriver;fmxdae;dxorgcRS19;bdertl;cxTreeListRS19;FireDACMSAccDriver;dxSkinDevExpressStyleRS19;DataSnapIndy10ServerTransport;dxSkinCaramelRS19;$(DCC_UsePackage)</DCC_UsePackage>
        <VerInfo_AutoIncVersion>true</VerInfo_AutoIncVersion>
        <VerInfo_IncludeVerInfo>true</VerInfo_IncludeVerInfo>
    </PropertyGroup>
    <PropertyGroup Condition="'$(Base_Win64)'!=''">
        <VerInfo_Locale>1033</VerInfo_Locale>
        <VerInfo_IncludeVerInfo>true</VerInfo_IncludeVerInfo>
        <DCC_Namespace>Winapi;System.Win;Data.Win;Datasnap.Win;Web.Win;Soap.Win;Xml.Win;$(DCC_Namespace)</DCC_Namespace>
        <VerInfo_Keys>CompanyName=;FileDescription=;FileVersion=1.0.0.0;InternalName=;LegalCopyright=;LegalTrademarks=;OriginalFilename=;ProductName=;ProductVersion=1.0.0.0;Comments=</VerInfo_Keys>
        <DCC_UsePackage>dxSkinOffice2007BlackRS19;dxSkinLiquidSkyRS19;dxSpreadSheetRS19;cxBarEditItemRS19;FireDACPgDriver;dxWizardControlRS19;dxPScxCommonRS19;dxThemeRS19;cxGridRS19;dxPScxExtCommonRS19;DBXInterBaseDriver;DataSnapServer;DataSnapCommon;dxMapControlRS19;cxSchedulerRS19;DbxCommonDriver;vclimg;dbxcds;dxFlowChartRS19;DatasnapConnectorsFreePascal;dxSkinSpringTimeRS19;dxdbtrRS19;vcldb;dxDockingRS19;dxSkinsdxDLPainterRS19;dxdborRS19;dxtrmdRS19;dxRibbonCustomizationFormRS19;dxSpellCheckerRS19;dxSkinOffice2013LightGrayRS19;CustomIPTransport;dxTileControlRS19;dsnap;IndyIPServer;dxSkinFoggyRS19;IndyCore;dxPSCoreRS19;cxSchedulerGridRS19;cxPivotGridOLAPRS19;dxSkinStardustRS19;CloudService;FmxTeeUI;FireDACIBDriver;dxSkinXmas2008BlueRS19;dxSkinValentineRS19;dxPScxSchedulerLnkRS19;FireDACDb2Driver;dxSkinDarkSideRS19;dxSkinLondonLiquidSkyRS19;dxBarExtDBItemsRS19;dxTabbedMDIRS19;dxSkinOffice2013WhiteRS19;dxSkinSharpRS19;bindcompfmx;dxSkinBlueprintRS19;dxSkinOffice2007PinkRS19;cxExportRS19;FireDACODBCDriver;dxSkinCoffeeRS19;dbrtl;FireDACCommon;bindcomp;inetdb;dxSkinBlueRS19;dxServerModeRS19;DBXOdbcDriver;vclFireDAC;dxSkinMoneyTwinsRS19;cxPivotGridChartRS19;xmlrtl;ibxpress;dxSkiniMaginaryRS19;dxSkinOffice2007GreenRS19;FireDACCommonDriver;bindengine;vclactnband;soaprtl;FMXTee;bindcompvcl;dxADOServerModeRS19;dxRibbonRS19;vclie;dxPSdxLCLnkRS19;dxSkinBlackRS19;dxSkinOffice2010BlackRS19;dxSkinSevenClassicRS19;FireDACMSSQLDriver;DBXInformixDriver;Intraweb;dsnapcon;DBXFirebirdDriver;inet;dxSkinscxSchedulerPainterRS19;cxSchedulerRibbonStyleEventEditorRS19;dxSkinsdxNavBarPainterRS19;dxPSdxFCLnkRS19;FireDACMySQLDriver;vclx;dxPSdxSpreadSheetLnkRS19;dxPSPrVwRibbonRS19;dxPSDBTeeChartRS19;DBXSybaseASADriver;RESTComponents;dxSkinLilianRS19;dxSkinscxPCPainterRS19;dbexpress;IndyIPClient;cxSchedulerTreeBrowserRS19;dxSkinSharpPlusRS19;dxPScxPivotGridLnkRS19;FireDACSqliteDriver;DBXSqliteDriver;dxSkinOffice2007BlueRS19;cxDataRS19;cxLibraryRS19;fmx;dxPSdxDBTVLnkRS19;IndySystem;TeeDB;dxPsPrVwAdvRS19;dxSkinHighContrastRS19;vclib;DataSnapClient;DataSnapProviderClient;DBXSybaseASEDriver;dxmdsRS19;dxSkinsdxBarPainterRS19;dxSkinOffice2010SilverRS19;MetropolisUILiveTile;dxPSdxOCLnkRS19;vcldsnap;fmxFireDAC;DBXDb2Driver;dxSkinDevExpressDarkStyleRS19;DBXOracleDriver;dxBarDBNavRS19;vclribbon;dxSkinSilverRS19;dxSkinVS2010RS19;fmxase;vcl;dxPSdxDBOCLnkRS19;IndyIPCommon;DBXMSSQLDriver;dxBarRS19;cxTreeListdxBarPopupMenuRS19;DataSnapFireDAC;FireDACDBXDriver;dxFireDACServerModeRS19;inetdbxpress;webdsnap;cxEditorsRS19;dxSkinMcSkinRS19;adortl;dxSkinOffice2007SilverRS19;FireDACASADriver;dxSkinSevenRS19;dxDBXServerModeRS19;dxLayoutControlRS19;dxSkinOffice2013DarkGrayRS19;dxSkinWhiteprintRS19;cxPageControlRS19;dxPSTeeChartRS19;dxGaugeControlRS19;rtl;DbxClientDriver;dxPScxGridLnkRS19;Tee;cxVerticalGridRS19;dxSkinMetropolisDarkRS19;dxSkinsdxRibbonPainterRS19;dxSkinSummer2008RS19;dxSkinTheAsphaltWorldRS19;dxComnRS19;IndyProtocols;DBXMySQLDriver;cxPivotGridRS19;dxPSLnksRS19;bindcompdbx;TeeUI;dxSkinDarkRoomRS19;dxSkinPumpkinRS19;dxBarExtItemsRS19;FireDACADSDriver;vcltouch;dxNavBarRS19;VclSmp;FireDAC;VCLRESTComponents;dxGDIPlusRS19;DataSnapConnectors;FireDACDataSnapDriver;dxSkinMetropolisRS19;dxCoreRS19;dxPScxVGridLnkRS19;dxPScxTLLnkRS19;dxSkinsCoreRS19;fmxobj;dxSkinGlassOceansRS19;dxPScxPCProdRS19;dxSkinOffice2010BlueRS19;FireDACOracleDriver;fmxdae;dxorgcRS19;cxTreeListRS19;FireDACMSAccDriver;dxSkinDevExpressStyleRS19;DataSnapIndy10ServerTransport;dxSkinCaramelRS19;$(DCC_UsePackage)</DCC_UsePackage>
    </PropertyGroup>
    <PropertyGroup Condition="'$(Cfg_1)'!=''">
        <VerInfo_Keys>CompanyName=CIEL Soluções em TI;FileDescription=Brady;FileVersion=1.0.0.5;InternalName=Brady;LegalCopyright=;LegalTrademarks=;OriginalFilename=;ProductName=Brady;ProductVersion=1.0.0.0;Comments=Rafael Petrella</VerInfo_Keys>
        <DCC_Define>DEBUG;$(DCC_Define)</DCC_Define>
        <DCC_DebugDCUs>true</DCC_DebugDCUs>
        <DCC_Optimize>false</DCC_Optimize>
        <DCC_GenerateStackFrames>true</DCC_GenerateStackFrames>
        <DCC_DebugInfoInExe>true</DCC_DebugInfoInExe>
        <DCC_RemoteDebug>true</DCC_RemoteDebug>
    </PropertyGroup>
    <PropertyGroup Condition="'$(Cfg_1_Win32)'!=''">
        <DCC_DebugInfoInExe>false</DCC_DebugInfoInExe>
        <Debugger_RunParams>-sop_dailysalesmail</Debugger_RunParams>
        <VerInfo_Release>1</VerInfo_Release>
        <VerInfo_MinorVer>2</VerInfo_MinorVer>
        <VerInfo_Keys>CompanyName=CIEL Soluções em TI;FileDescription=Brady;FileVersion=1.2.1.209;InternalName=Brady;LegalCopyright=;LegalTrademarks=;OriginalFilename=;ProductName=Brady;ProductVersion=1.0.0.0;Comments=Rafael Petrella</VerInfo_Keys>
        <DCC_BplOutput>C:\Brady\Projetos\BradyBrazil\Win32\Debug</DCC_BplOutput>
        <VerInfo_Build>209</VerInfo_Build>
        <VerInfo_AutoIncVersion>true</VerInfo_AutoIncVersion>
        <VerInfo_IncludeVerInfo>true</VerInfo_IncludeVerInfo>
        <VerInfo_Locale>1033</VerInfo_Locale>
    </PropertyGroup>
    <PropertyGroup Condition="'$(Cfg_2)'!=''">
        <VerInfo_Keys>CompanyName=CIEL Soluções em TI;FileDescription=Brady;FileVersion=1.0.0.5;InternalName=Brady;LegalCopyright=;LegalTrademarks=;OriginalFilename=;ProductName=Brady;ProductVersion=1.0.0.0;Comments=Rafael Petrella</VerInfo_Keys>
        <DCC_LocalDebugSymbols>false</DCC_LocalDebugSymbols>
        <DCC_Define>RELEASE;$(DCC_Define)</DCC_Define>
        <DCC_SymbolReferenceInfo>0</DCC_SymbolReferenceInfo>
        <DCC_DebugInformation>0</DCC_DebugInformation>
    </PropertyGroup>
    <PropertyGroup Condition="'$(Cfg_2_Win32)'!=''">
        <Debugger_RunParams>-sop_dailysalesmail</Debugger_RunParams>
        <VerInfo_AutoIncVersion>true</VerInfo_AutoIncVersion>
        <VerInfo_MajorVer>2</VerInfo_MajorVer>
        <VerInfo_Release>2</VerInfo_Release>
        <VerInfo_Keys>CompanyName=CIEL Soluções em TI;FileDescription=Brady;FileVersion=2.0.2.483;InternalName=Brady;LegalCopyright=;LegalTrademarks=;OriginalFilename=;ProductName=Brady;ProductVersion=1.0.0.0;Comments=Rafael Petrella</VerInfo_Keys>
        <VerInfo_Build>483</VerInfo_Build>
        <DCC_BplOutput>C:\Brady\Projetos\BradyBrazil\Win32\Debug</DCC_BplOutput>
        <VerInfo_IncludeVerInfo>true</VerInfo_IncludeVerInfo>
    </PropertyGroup>
    <ItemGroup>
        <DelphiCompile Include="$(MainSource)">
            <MainSource>MainSource</MainSource>
        </DelphiCompile>
        <DCCReference Include="uUtils.pas"/>
        <DCCReference Include="uBrady.pas">
            <Form>Fr_Brady</Form>
        </DCCReference>
        <DCCReference Include="uRelatorioPreco.pas">
            <Form>Fr_RelatorioPreco</Form>
        </DCCReference>
        <DCCReference Include="uRelatorioPartNumber.pas">
            <Form>Fr_RelatorioPartNumber</Form>
        </DCCReference>
        <DCCReference Include="uCadastroSite.pas">
            <Form>Fr_CadastroSite</Form>
        </DCCReference>
        <DCCReference Include="uMainSplashScreen.pas">
            <Form>Fr_MainSplashScreen</Form>
        </DCCReference>
        <DCCReference Include="AsyncCalls.pas"/>
        <DCCReference Include="uCadastroCelula.pas">
            <Form>Fr_CadastroCelula</Form>
        </DCCReference>
        <DCCReference Include="uCadastroMaquina.pas">
            <Form>Fr_CadastroMaquina</Form>
        </DCCReference>
        <DCCReference Include="uCadastroAtividade.pas">
            <Form>Fr_CadastroAtividade</Form>
        </DCCReference>
        <DCCReference Include="uCadastroApontamento.pas">
            <Form>Fr_CadastroApontamento</Form>
        </DCCReference>
        <DCCReference Include="uAddObservacao.pas">
            <Form>Fr_AddObservacao</Form>
        </DCCReference>
        <DCCReference Include="uCadastroOperador.pas">
            <Form>Fr_CadastroOperador</Form>
        </DCCReference>
        <DCCReference Include="uPainelOperador.pas">
            <Form>Fr_PainelOperador</Form>
        </DCCReference>
        <DCCReference Include="uPainelOperador4x1.pas">
            <Form>Fr_PainelOperador4x1</Form>
        </DCCReference>
        <DCCReference Include="uCadastroMenu.pas">
            <Form>Fr_CadastroMenu</Form>
        </DCCReference>
        <DCCReference Include="uCadastroUsuario.pas">
            <Form>Fr_CadastroUsuario</Form>
        </DCCReference>
        <DCCReference Include="uUtilsColuna.pas">
            <Form>Fr_UtilColuna</Form>
        </DCCReference>
        <DCCReference Include="uCadastroProdutoSeton.pas">
            <Form>Fr_CadastroProdutoSeton</Form>
        </DCCReference>
        <DCCReference Include="uCadastroDeParaCanal.pas">
            <Form>Fr_CadastroDeParaCanal</Form>
        </DCCReference>
        <DCCReference Include="uCadastroGrupoCliente.pas">
            <Form>Fr_CadastroGrupoCliente</Form>
        </DCCReference>
        <DCCReference Include="uCadastroRepresentante.pas">
            <Form>Fr_CadastroRepresentante</Form>
        </DCCReference>
        <DCCReference Include="uCadastroDeParaFamilia.pas">
            <Form>Fr_CadastroDeParaFamilia</Form>
        </DCCReference>
        <DCCReference Include="uCadastroDeParaGrupoCliente.pas">
            <Form>Fr_CadastroDeParaGrupoCliente</Form>
        </DCCReference>
        <DCCReference Include="uCadastroDeParaRepresentante.pas">
            <Form>Fr_CadastroDeParaRepresentante</Form>
        </DCCReference>
        <DCCReference Include="uRelatorioFaturamentoPedidos.pas">
            <Form>Fr_RelatorioFaturamentoPedidos</Form>
        </DCCReference>
        <DCCReference Include="uPainelLider.pas">
            <Form>Fr_PainelLider</Form>
        </DCCReference>
        <DCCReference Include="uRelatorioAnaliseApontamento.pas">
            <Form>Fr_RelatorioAnaliseApontamento</Form>
        </DCCReference>
        <DCCReference Include="uRelatorioUtilizacaoMaquina.pas">
            <Form>Fr_RelatorioUtilizacaoMaquina</Form>
        </DCCReference>
        <DCCReference Include="uPainelItem.pas">
            <Form>Fr_PainelItem</Form>
        </DCCReference>
        <DCCReference Include="uRelatorioGestaoMercados.pas">
            <Form>Fr_RelatorioGestaoMercados</Form>
        </DCCReference>
        <DCCReference Include="uUtilsOwner.pas">
            <Form>Fr_UtilOwner</Form>
            <FormType>dfm</FormType>
        </DCCReference>
        <DCCReference Include="uRelatorioForecast.pas">
            <Form>Fr_RelatorioForecast</Form>
            <FormType>dfm</FormType>
        </DCCReference>
        <DCCReference Include="uCadastroDetran.pas">
            <Form>Fr_CadastroDetran</Form>
            <FormType>dfm</FormType>
        </DCCReference>
        <DCCReference Include="uRelatorioRecuperacaoContas.pas">
            <Form>Fr_RelatorioRecuperacaoContas</Form>
            <FormType>dfm</FormType>
        </DCCReference>
        <DCCReference Include="uConsultaNotaFiscal.pas">
            <Form>Fr_ConsultaNotaFiscal</Form>
            <FormType>dfm</FormType>
        </DCCReference>
        <DCCReference Include="uCadastroInovarCFOP.pas">
            <Form>Fr_CadastroInovarCFOP</Form>
            <FormType>dfm</FormType>
        </DCCReference>
        <DCCReference Include="uCadastroInovarCliente.pas">
            <Form>Fr_CadastroInovarCliente</Form>
            <FormType>dfm</FormType>
        </DCCReference>
        <DCCReference Include="uCadastroInovarParcelaDedutivel.pas">
            <Form>Fr_CadastroInovarParcelaDedutivel</Form>
            <FormType>dfm</FormType>
        </DCCReference>
        <DCCReference Include="uConsultaInovarParcelaDedutivel.pas">
            <Form>Fr_ConsultaInovarParcelaDedutivel</Form>
            <FormType>dfm</FormType>
        </DCCReference>
        <DCCReference Include="uCadastroInovarNotaFiscal.pas">
            <Form>Fr_CadastroInovarNotaFiscal</Form>
            <FormType>dfm</FormType>
        </DCCReference>
        <DCCReference Include="uCadastroIQFParametro.pas">
            <Form>Fr_CadastroIQFParametro</Form>
            <FormType>dfm</FormType>
        </DCCReference>
        <DCCReference Include="uCadastroSetonForecast.pas">
            <Form>Fr_CadastroSetonForecast</Form>
            <FormType>dfm</FormType>
        </DCCReference>
        <DCCReference Include="uCadastroIQFFornecedor.pas">
            <Form>Fr_CadastroIQFFornecedor</Form>
            <FormType>dfm</FormType>
        </DCCReference>
        <DCCReference Include="uImportarIQFZMP05.pas">
            <Form>Fr_ImportarIQFZMP05</Form>
            <FormType>dfm</FormType>
        </DCCReference>
        <DCCReference Include="uImportarIQFFornecedor.pas">
            <Form>Fr_ImportarIQFZMP05</Form>
        </DCCReference>
        <DCCReference Include="uRelatorioAnaliseIQF.pas">
            <Form>Fr_RelatorioAnaliseIQF</Form>
            <FormType>dfm</FormType>
        </DCCReference>
        <DCCReference Include="uUploadBOM.pas">
            <Form>Fr_UploadBOM</Form>
            <FormType>dfm</FormType>
        </DCCReference>
        <DCCReference Include="uUploadCustosEstoque.pas">
            <Form>Fr_UploadCustosEstoque</Form>
            <FormType>dfm</FormType>
        </DCCReference>
        <DCCReference Include="uUploadProdutoSeton.pas">
            <Form>Fr_UploadPodutoSeton</Form>
            <FormType>dfm</FormType>
        </DCCReference>
        <DCCReference Include="uUploadRouting.pas">
            <Form>Fr_UploadRouting</Form>
            <FormType>dfm</FormType>
        </DCCReference>
        <DCCReference Include="uUploadTaxasHoras.pas">
            <Form>Fr_UploadTaxasHoras</Form>
            <FormType>dfm</FormType>
        </DCCReference>
        <DCCReference Include="uCalcGM.pas">
            <Form>Fr_CalcGM</Form>
            <FormType>dfm</FormType>
        </DCCReference>
        <DCCReference Include="uRelatGrossMargin.pas">
            <Form>Fr_RelatGrossMargin</Form>
            <FormType>dfm</FormType>
        </DCCReference>
        <DCCReference Include="uRelatorioRecuperacaoClientes.pas">
            <Form>Fr_RelatorioRecuperacaoClientes</Form>
            <FormType>dfm</FormType>
        </DCCReference>
        <DCCReference Include="uDashBoard.pas">
            <Form>frmExibeDashBoard</Form>
            <FormType>dfm</FormType>
        </DCCReference>
        <BuildConfiguration Include="Release">
            <Key>Cfg_2</Key>
            <CfgParent>Base</CfgParent>
        </BuildConfiguration>
        <BuildConfiguration Include="Base">
            <Key>Base</Key>
        </BuildConfiguration>
        <BuildConfiguration Include="Debug">
            <Key>Cfg_1</Key>
            <CfgParent>Base</CfgParent>
        </BuildConfiguration>
    </ItemGroup>
    <ProjectExtensions>
        <Borland.Personality>Delphi.Personality.12</Borland.Personality>
        <Borland.ProjectType/>
        <BorlandProject>
            <Delphi.Personality>
                <VersionInfo>
                    <VersionInfo Name="IncludeVerInfo">False</VersionInfo>
                    <VersionInfo Name="AutoIncBuild">False</VersionInfo>
                    <VersionInfo Name="MajorVer">1</VersionInfo>
                    <VersionInfo Name="MinorVer">0</VersionInfo>
                    <VersionInfo Name="Release">0</VersionInfo>
                    <VersionInfo Name="Build">0</VersionInfo>
                    <VersionInfo Name="Debug">False</VersionInfo>
                    <VersionInfo Name="PreRelease">False</VersionInfo>
                    <VersionInfo Name="Special">False</VersionInfo>
                    <VersionInfo Name="Private">False</VersionInfo>
                    <VersionInfo Name="DLL">False</VersionInfo>
                    <VersionInfo Name="Locale">1046</VersionInfo>
                    <VersionInfo Name="CodePage">1252</VersionInfo>
                </VersionInfo>
                <VersionInfoKeys>
                    <VersionInfoKeys Name="CompanyName"/>
                    <VersionInfoKeys Name="FileDescription"/>
                    <VersionInfoKeys Name="FileVersion">1.0.0.0</VersionInfoKeys>
                    <VersionInfoKeys Name="InternalName"/>
                    <VersionInfoKeys Name="LegalCopyright"/>
                    <VersionInfoKeys Name="LegalTrademarks"/>
                    <VersionInfoKeys Name="OriginalFilename"/>
                    <VersionInfoKeys Name="ProductName"/>
                    <VersionInfoKeys Name="ProductVersion">1.0.0.0</VersionInfoKeys>
                    <VersionInfoKeys Name="Comments"/>
                    <VersionInfoKeys Name="CFBundleName"/>
                    <VersionInfoKeys Name="CFBundleDisplayName"/>
                    <VersionInfoKeys Name="UIDeviceFamily"/>
                    <VersionInfoKeys Name="CFBundleIdentifier"/>
                    <VersionInfoKeys Name="CFBundleVersion"/>
                    <VersionInfoKeys Name="CFBundlePackageType"/>
                    <VersionInfoKeys Name="CFBundleSignature"/>
                    <VersionInfoKeys Name="CFBundleAllowMixedLocalizations"/>
                    <VersionInfoKeys Name="UISupportedInterfaceOrientations"/>
                    <VersionInfoKeys Name="CFBundleExecutable"/>
                    <VersionInfoKeys Name="CFBundleResourceSpecification"/>
                    <VersionInfoKeys Name="LSRequiresIPhoneOS"/>
                    <VersionInfoKeys Name="CFBundleInfoDictionaryVersion"/>
                    <VersionInfoKeys Name="CFBundleDevelopmentRegion"/>
                    <VersionInfoKeys Name="package"/>
                    <VersionInfoKeys Name="label"/>
                    <VersionInfoKeys Name="versionCode"/>
                    <VersionInfoKeys Name="versionName"/>
                    <VersionInfoKeys Name="persistent"/>
                    <VersionInfoKeys Name="restoreAnyVersion"/>
                    <VersionInfoKeys Name="installLocation"/>
                    <VersionInfoKeys Name="largeHeap"/>
                    <VersionInfoKeys Name="theme"/>
                </VersionInfoKeys>
                <Excluded_Packages>
                    <Excluded_Packages Name="C:\Users\aluga.com\Downloads\Lib\Delphi\LibD19\ACBr_Diversos.bpl">ACBr - Calculadora, Extenso, Validador, Troco, CMC7, Fala, BarCode, EnterTab, GIF, QrCode, InStore, CargaBal - (http://www.projetoacbr.com.br/)</Excluded_Packages>
                    <Excluded_Packages Name="C:\Users\aluga.com\Downloads\Lib\Delphi\LibD19\ACBr_TCP.bpl">ACBr - Socket, CEP, TCP, IBGE, CNIEE, Suframa, Download, FTP, HTTP, NFPws, IBPTax, CNPJ, CPF, Cotação, E-mail, Feriado - (http://www.projectoacbr.com.br/)</Excluded_Packages>
                    <Excluded_Packages Name="C:\Users\aluga.com\Downloads\Lib\Delphi\LibD19\ACBr_OpenSSL.bpl">ACBr - OpenSSL através do LibXMLSec - (http://www.projetoacbr.com.br/)</Excluded_Packages>
                    <Excluded_Packages Name="C:\Users\aluga.com\Downloads\Lib\Delphi\LibD19\ACBr_Integrador.bpl">ACBrIntegrador</Excluded_Packages>
                    <Excluded_Packages Name="$(BDSBIN)\dcloffice2k190.bpl">Microsoft Office 2000 Sample Automation Server Wrapper Components</Excluded_Packages>
                    <Excluded_Packages Name="$(BDSBIN)\dclofficexp190.bpl">Microsoft Office XP Sample Automation Server Wrapper Components</Excluded_Packages>
                </Excluded_Packages>
                <Source>
                    <Source Name="MainSource">BradyBrazil.dpr</Source>
                </Source>
            </Delphi.Personality>
            <Deployment>
                <DeployFile LocalName="D:\Embarcadero\DevExpress VCL\Library\RS19\dxSkinPumpkinRS19.bpl" Configuration="Debug" Class="DependencyPackage"/>
                <DeployFile LocalName="D:\Embarcadero\DevExpress VCL\Library\RS19\dxSkinValentineRS19.bpl" Configuration="Debug" Class="DependencyPackage"/>
                <DeployFile LocalName="D:\Embarcadero\DevExpress VCL\Library\RS19\dxSkinOffice2010BlackRS19.bpl" Configuration="Debug" Class="DependencyPackage"/>
                <DeployFile LocalName="D:\Embarcadero\DevExpress VCL\Library\RS19\dxSkinDarkRoomRS19.bpl" Configuration="Debug" Class="DependencyPackage"/>
                <DeployFile LocalName="C:\Program Files (x86)\Embarcadero\RAD Studio\12.0\Redist\win32\vclx190.bpl" Class="File">
                    <Platform Name="Win64">
                        <RemoteName>vclx190.bpl</RemoteName>
                    </Platform>
                </DeployFile>
                <DeployFile LocalName="D:\Embarcadero\DevExpress VCL\Library\RS19\dxSkinOffice2007GreenRS19.bpl" Configuration="Debug" Class="DependencyPackage"/>
                <DeployFile LocalName="$(BDS)\Redist\Win32\vcldb190.bpl" Configuration="Debug" Class="DependencyPackage"/>
                <DeployFile LocalName="D:\Embarcadero\DevExpress VCL\Library\RS19\dxSkinVS2010RS19.bpl" Configuration="Debug" Class="DependencyPackage"/>
                <DeployFile LocalName="D:\Embarcadero\DevExpress VCL\Library\RS19\dxSkinDevExpressDarkStyleRS19.bpl" Configuration="Debug" Class="DependencyPackage"/>
                <DeployFile LocalName="D:\Embarcadero\DevExpress VCL\Library\RS19\dxPSPrVwAdvRS19.bpl" Configuration="Debug" Class="DependencyPackage"/>
                <DeployFile LocalName="Win32\Debug\db4\Operador.db" Class="File">
                    <Platform Name="Win64">
                        <Enabled>false</Enabled>
                        <RemoteName>Operador.db</RemoteName>
                    </Platform>
                </DeployFile>
                <DeployFile LocalName="D:\Embarcadero\DevExpress VCL\Library\RS19\dxSkinMoneyTwinsRS19.bpl" Configuration="Debug" Class="DependencyPackage"/>
                <DeployFile LocalName="D:\Embarcadero\DevExpress VCL\Library\RS19\dxSkinGlassOceansRS19.bpl" Configuration="Debug" Class="DependencyPackage"/>
                <DeployFile LocalName="D:\Embarcadero\DevExpress VCL\Library\RS19\dxSkinBlackRS19.bpl" Configuration="Debug" Class="DependencyPackage"/>
                <DeployFile LocalName="D:\Embarcadero\DevExpress VCL\Library\RS19\dxSkinOffice2010SilverRS19.bpl" Configuration="Debug" Class="DependencyPackage"/>
                <DeployFile LocalName="D:\Embarcadero\DevExpress VCL\Library\RS19\dxSkinDevExpressStyleRS19.bpl" Configuration="Debug" Class="DependencyPackage"/>
                <DeployFile LocalName="$(BDS)\Redist\Win32\dbrtl190.bpl" Configuration="Debug" Class="DependencyPackage"/>
                <DeployFile LocalName="D:\Embarcadero\DevExpress VCL\Library\RS19\dxSkinOffice2010BlueRS19.bpl" Configuration="Debug" Class="DependencyPackage"/>
                <DeployFile LocalName="Win32\Debug\db1\Operacao.db" Class="File">
                    <Platform Name="Win64">
                        <Enabled>false</Enabled>
                        <RemoteName>Operacao.db</RemoteName>
                    </Platform>
                </DeployFile>
                <DeployFile LocalName="D:\Embarcadero\DevExpress VCL\Library\RS19\dxSkinSilverRS19.bpl" Configuration="Debug" Class="DependencyPackage"/>
                <DeployFile LocalName="Win32\Debug\db2\Operador.db" Class="File">
                    <Platform Name="Win64">
                        <Enabled>false</Enabled>
                        <RemoteName>Operador.db</RemoteName>
                    </Platform>
                </DeployFile>
                <DeployFile LocalName="D:\Embarcadero\DevExpress VCL\Library\RS19\cxEditorsRS19.bpl" Configuration="Debug" Class="DependencyPackage"/>
                <DeployFile LocalName="D:\Embarcadero\DevExpress VCL\Library\RS19\dxSkinCoffeeRS19.bpl" Configuration="Debug" Class="DependencyPackage"/>
                <DeployFile LocalName="$(BDS)\Redist\Win32\vcl190.bpl" Configuration="Debug" Class="DependencyPackage"/>
                <DeployFile LocalName="D:\Embarcadero\DevExpress VCL\Library\RS19\dxSkinOffice2013WhiteRS19.bpl" Configuration="Debug" Class="DependencyPackage"/>
                <DeployFile LocalName="Win32\Base\BradyBrazil.exe" Configuration="Base" Class="ProjectOutput">
                    <Platform Name="Win32"/>
                </DeployFile>
                <DeployFile LocalName="D:\Embarcadero\DevExpress VCL\Library\RS19\dxSkinLondonLiquidSkyRS19.bpl" Configuration="Debug" Class="DependencyPackage"/>
                <DeployFile LocalName="D:\Embarcadero\DevExpress VCL\Library\RS19\dxSkinFoggyRS19.bpl" Configuration="Debug" Class="DependencyPackage"/>
                <DeployFile LocalName="D:\Embarcadero\DevExpress VCL\Library\RS19\dxSkinsdxRibbonPainterRS19.bpl" Configuration="Debug" Class="DependencyPackage"/>
                <DeployFile LocalName="D:\Embarcadero\DevExpress VCL\Library\RS19\cxGridRS19.bpl" Configuration="Debug" Class="DependencyPackage"/>
                <DeployFile LocalName="D:\Embarcadero\DevExpress VCL\Library\RS19\cxBarEditItemRS19.bpl" Configuration="Debug" Class="DependencyPackage"/>
                <DeployFile LocalName="$(BDS)\Redist\Win32\FireDACODBCDriver190.bpl" Configuration="Debug" Class="DependencyPackage"/>
                <DeployFile LocalName="Win32\Debug\db3\Operador.db" Class="File">
                    <Platform Name="Win64">
                        <Enabled>false</Enabled>
                        <RemoteName>Operador.db</RemoteName>
                    </Platform>
                </DeployFile>
                <DeployFile LocalName="D:\Embarcadero\DevExpress VCL\Library\RS19\dxSkinWhiteprintRS19.bpl" Configuration="Debug" Class="DependencyPackage"/>
                <DeployFile LocalName="D:\Embarcadero\DevExpress VCL\Library\RS19\dxLayoutControlRS19.bpl" Configuration="Debug" Class="DependencyPackage"/>
                <DeployFile LocalName="D:\Embarcadero\DevExpress VCL\Library\RS19\cxPivotGridRS19.bpl" Configuration="Debug" Class="DependencyPackage"/>
                <DeployFile LocalName="D:\Embarcadero\DevExpress VCL\Library\RS19\dxSkinSpringTimeRS19.bpl" Configuration="Debug" Class="DependencyPackage"/>
                <DeployFile LocalName="D:\Embarcadero\DevExpress VCL\Library\RS19\dxSkinsCoreRS19.bpl" Configuration="Debug" Class="DependencyPackage"/>
                <DeployFile LocalName="D:\Embarcadero\DevExpress VCL\Library\RS19\dxBarExtItemsRS19.bpl" Configuration="Debug" Class="DependencyPackage"/>
                <DeployFile LocalName="D:\Embarcadero\DevExpress VCL\Library\RS19\dxSkinHighContrastRS19.bpl" Configuration="Debug" Class="DependencyPackage"/>
                <DeployFile LocalName="D:\Embarcadero\DevExpress VCL\Library\RS19\dxSkinSummer2008RS19.bpl" Configuration="Debug" Class="DependencyPackage"/>
                <DeployFile LocalName="D:\Embarcadero\DevExpress VCL\Library\RS19\dxSkinLiquidSkyRS19.bpl" Configuration="Debug" Class="DependencyPackage"/>
                <DeployFile LocalName="D:\Embarcadero\DevExpress VCL\Library\RS19\dxSkinSevenClassicRS19.bpl" Configuration="Debug" Class="DependencyPackage"/>
                <DeployFile LocalName="C:\Program Files (x86)\Embarcadero\RAD Studio\12.0\Redist\win32\FireDACSqliteDriver190.bpl" Class="File">
                    <Platform Name="Win64">
                        <RemoteName>FireDACSqliteDriver190.bpl</RemoteName>
                    </Platform>
                </DeployFile>
                <DeployFile LocalName="D:\Embarcadero\DevExpress VCL\Library\RS19\dxPScxPCProdRS19.bpl" Configuration="Debug" Class="DependencyPackage"/>
                <DeployFile LocalName="Win32\Debug\db1\Operador.db" Class="File">
                    <Platform Name="Win64">
                        <Enabled>false</Enabled>
                        <RemoteName>Operador.db</RemoteName>
                    </Platform>
                </DeployFile>
                <DeployFile LocalName="D:\Embarcadero\DevExpress VCL\Library\RS19\dxComnRS19.bpl" Configuration="Debug" Class="DependencyPackage"/>
                <DeployFile LocalName="D:\Embarcadero\DevExpress VCL\Library\RS19\dxPScxExtCommonRS19.bpl" Configuration="Debug" Class="DependencyPackage"/>
                <DeployFile LocalName="D:\Embarcadero\DevExpress VCL\Library\RS19\dxSkinSharpRS19.bpl" Configuration="Debug" Class="DependencyPackage"/>
                <DeployFile LocalName="D:\Embarcadero\DevExpress VCL\Library\RS19\dxPSCoreRS19.bpl" Configuration="Debug" Class="DependencyPackage"/>
                <DeployFile LocalName="D:\Embarcadero\DevExpress VCL\Library\RS19\cxDataRS19.bpl" Configuration="Debug" Class="DependencyPackage"/>
                <DeployFile LocalName="D:\Embarcadero\DevExpress VCL\Library\RS19\dxSkinSevenRS19.bpl" Configuration="Debug" Class="DependencyPackage"/>
                <DeployFile LocalName="Win32\Debug\db3\Maquina.db" Class="File">
                    <Platform Name="Win64">
                        <Enabled>false</Enabled>
                        <RemoteName>Maquina.db</RemoteName>
                    </Platform>
                </DeployFile>
                <DeployFile LocalName="D:\Embarcadero\DevExpress VCL\Library\RS19\dxRibbonCustomizationFormRS19.bpl" Configuration="Debug" Class="DependencyPackage"/>
                <DeployFile LocalName="D:\Embarcadero\DevExpress VCL\Library\RS19\dxSkinTheAsphaltWorldRS19.bpl" Configuration="Debug" Class="DependencyPackage"/>
                <DeployFile LocalName="Win32\Release\BradyBrazil.exe" Configuration="Release" Class="ProjectOutput">
                    <Platform Name="Win32"/>
                </DeployFile>
                <DeployFile LocalName="Win32\Debug\db1\Atividade.db" Class="File">
                    <Platform Name="Win64">
                        <Enabled>false</Enabled>
                        <RemoteName>Atividade.db</RemoteName>
                    </Platform>
                </DeployFile>
                <DeployFile LocalName="Win32\Debug\DB.ini" Class="File">
                    <Platform Name="Win64">
                        <Enabled>false</Enabled>
                        <RemoteName>DB.ini</RemoteName>
                    </Platform>
                </DeployFile>
                <DeployFile LocalName="D:\Embarcadero\DevExpress VCL\Library\RS19\dxSkinStardustRS19.bpl" Configuration="Debug" Class="DependencyPackage"/>
                <DeployFile LocalName="Win32\Debug\db2\Atividade.db" Class="File">
                    <Platform Name="Win64">
                        <Enabled>false</Enabled>
                        <RemoteName>Atividade.db</RemoteName>
                    </Platform>
                </DeployFile>
                <DeployFile LocalName="D:\Embarcadero\DevExpress VCL\Library\RS19\dxSkinOffice2013LightGrayRS19.bpl" Configuration="Debug" Class="DependencyPackage"/>
                <DeployFile LocalName="D:\Embarcadero\DevExpress VCL\Library\RS19\dxCoreRS19.bpl" Configuration="Debug" Class="DependencyPackage"/>
                <DeployFile LocalName="D:\Embarcadero\DevExpress VCL\Library\RS19\dxSkinOffice2007SilverRS19.bpl" Configuration="Debug" Class="DependencyPackage"/>
                <DeployFile LocalName="D:\Embarcadero\DevExpress VCL\Library\RS19\dxSkinMetropolisRS19.bpl" Configuration="Debug" Class="DependencyPackage"/>
                <DeployFile LocalName="D:\Embarcadero\DevExpress VCL\Library\RS19\dxSkinsdxBarPainterRS19.bpl" Configuration="Debug" Class="DependencyPackage"/>
                <DeployFile LocalName="Win32\Debug\db4\Atividade.db" Class="File">
                    <Platform Name="Win64">
                        <Enabled>false</Enabled>
                        <RemoteName>Atividade.db</RemoteName>
                    </Platform>
                </DeployFile>
                <DeployFile LocalName="D:\Embarcadero\DevExpress VCL\Library\RS19\dxSkinBlueRS19.bpl" Configuration="Debug" Class="DependencyPackage"/>
                <DeployFile LocalName="$(BDS)\Redist\Win32\vclx190.bpl" Configuration="Debug" Class="DependencyPackage"/>
                <DeployFile LocalName="D:\Embarcadero\DevExpress VCL\Library\RS19\dxTabbedMDIRS19.bpl" Configuration="Debug" Class="DependencyPackage"/>
                <DeployFile LocalName="$(BDS)\Redist\Win32\vclimg190.bpl" Configuration="Debug" Class="DependencyPackage"/>
                <DeployFile LocalName="D:\Embarcadero\DevExpress VCL\Library\RS19\dxSkinOffice2013DarkGrayRS19.bpl" Configuration="Debug" Class="DependencyPackage"/>
                <DeployFile LocalName="D:\Embarcadero\DevExpress VCL\Library\RS19\dxSkinMetropolisDarkRS19.bpl" Configuration="Debug" Class="DependencyPackage"/>
                <DeployFile LocalName="D:\Embarcadero\DevExpress VCL\Library\RS19\dxBarRS19.bpl" Configuration="Debug" Class="DependencyPackage"/>
                <DeployFile LocalName="D:\Embarcadero\DevExpress VCL\Library\RS19\cxTreeListRS19.bpl" Configuration="Debug" Class="DependencyPackage"/>
                <DeployFile LocalName="D:\Embarcadero\DevExpress VCL\Library\RS19\dxSkinMcSkinRS19.bpl" Configuration="Debug" Class="DependencyPackage"/>
                <DeployFile LocalName="D:\Embarcadero\DevExpress VCL\Library\RS19\dxPSPrVwRibbonRS19.bpl" Configuration="Debug" Class="DependencyPackage"/>
                <DeployFile LocalName="Win32\Debug\db2\Maquina.db" Class="File">
                    <Platform Name="Win64">
                        <Enabled>false</Enabled>
                        <RemoteName>Maquina.db</RemoteName>
                    </Platform>
                </DeployFile>
                <DeployFile LocalName="D:\Embarcadero\DevExpress VCL\Library\RS19\dxPScxCommonRS19.bpl" Configuration="Debug" Class="DependencyPackage"/>
                <DeployFile LocalName="$(BDS)\Redist\Win32\xmlrtl190.bpl" Configuration="Debug" Class="DependencyPackage"/>
                <DeployFile LocalName="D:\Embarcadero\DevExpress VCL\Library\RS19\dxSkinOffice2007BlackRS19.bpl" Configuration="Debug" Class="DependencyPackage"/>
                <DeployFile LocalName="Win32\Debug\db4\Maquina.db" Class="File">
                    <Platform Name="Win64">
                        <Enabled>false</Enabled>
                        <RemoteName>Maquina.db</RemoteName>
                    </Platform>
                </DeployFile>
                <DeployFile LocalName="D:\Embarcadero\DevExpress VCL\Library\RS19\dxServerModeRS19.bpl" Class="File">
                    <Platform Name="Win64">
                        <RemoteName>dxServerModeRS19.bpl</RemoteName>
                    </Platform>
                </DeployFile>
                <DeployFile LocalName="Win32\Debug\db3\Atividade.db" Class="File">
                    <Platform Name="Win64">
                        <Enabled>false</Enabled>
                        <RemoteName>Atividade.db</RemoteName>
                    </Platform>
                </DeployFile>
                <DeployFile LocalName="D:\Embarcadero\DevExpress VCL\Library\RS19\dxRibbonRS19.bpl" Configuration="Debug" Class="DependencyPackage"/>
                <DeployFile LocalName="D:\Embarcadero\DevExpress VCL\Library\RS19\dxSkinLilianRS19.bpl" Configuration="Debug" Class="DependencyPackage"/>
                <DeployFile LocalName="D:\Embarcadero\DevExpress VCL\Library\RS19\cxExportRS19.bpl" Configuration="Debug" Class="DependencyPackage"/>
                <DeployFile LocalName="D:\Embarcadero\DevExpress VCL\Library\RS19\cxLibraryRS19.bpl" Configuration="Debug" Class="DependencyPackage"/>
                <DeployFile LocalName="Win32\Debug\db1\Maquina.db" Class="File">
                    <Platform Name="Win64">
                        <Enabled>false</Enabled>
                        <RemoteName>Maquina.db</RemoteName>
                    </Platform>
                </DeployFile>
                <DeployFile LocalName="Win32\Debug\db4\Operacao.db" Class="File">
                    <Platform Name="Win64">
                        <Enabled>false</Enabled>
                        <RemoteName>Operacao.db</RemoteName>
                    </Platform>
                </DeployFile>
                <DeployFile LocalName="D:\Embarcadero\DevExpress VCL\Library\RS19\dxSkinCaramelRS19.bpl" Configuration="Debug" Class="DependencyPackage"/>
                <DeployFile LocalName="D:\Embarcadero\DevExpress VCL\Library\RS19\dxSkinSharpPlusRS19.bpl" Configuration="Debug" Class="DependencyPackage"/>
                <DeployFile LocalName="D:\Embarcadero\DevExpress VCL\Library\RS19\dxPSLnksRS19.bpl" Configuration="Debug" Class="DependencyPackage"/>
                <DeployFile LocalName="D:\Embarcadero\DevExpress VCL\Library\RS19\dxSkinOffice2007PinkRS19.bpl" Configuration="Debug" Class="DependencyPackage"/>
                <DeployFile LocalName="$(BDS)\Redist\Win32\FireDACCommonDriver190.bpl" Configuration="Debug" Class="DependencyPackage"/>
                <DeployFile LocalName="D:\Embarcadero\DevExpress VCL\Library\RS19\dxSkinDarkSideRS19.bpl" Configuration="Debug" Class="DependencyPackage"/>
                <DeployFile LocalName="D:\Embarcadero\DevExpress VCL\Library\RS19\dxSkinBlueprintRS19.bpl" Configuration="Debug" Class="DependencyPackage"/>
                <DeployFile LocalName="D:\Embarcadero\DevExpress VCL\Library\RS19\dxSkinscxPCPainterRS19.bpl" Configuration="Debug" Class="DependencyPackage"/>
                <DeployFile LocalName="Win32\Debug\db3\Operacao.db" Class="File">
                    <Platform Name="Win64">
                        <Enabled>false</Enabled>
                        <RemoteName>Operacao.db</RemoteName>
                    </Platform>
                </DeployFile>
                <DeployFile LocalName="$(BDS)\Redist\Win32\FireDACCommon190.bpl" Configuration="Debug" Class="DependencyPackage"/>
                <DeployFile LocalName="D:\Embarcadero\DevExpress VCL\Library\RS19\cxVerticalGridRS19.bpl" Configuration="Debug" Class="DependencyPackage"/>
                <DeployFile LocalName="$(BDS)\Redist\Win32\FireDAC190.bpl" Configuration="Debug" Class="DependencyPackage"/>
                <DeployFile LocalName="$(BDS)\Redist\Win32\rtl190.bpl" Configuration="Debug" Class="DependencyPackage"/>
                <DeployFile LocalName="$(BDS)\Redist\Win32\vcltouch190.bpl" Configuration="Debug" Class="DependencyPackage"/>
                <DeployFile LocalName="All Platforms\Base\BradyBrazil" Configuration="Base" Class="ProjectOutput">
                    <Platform Name="All Platforms"/>
                </DeployFile>
                <DeployFile LocalName="Win32\Debug\DadosConfig.ini" Class="File">
                    <Platform Name="Win64">
                        <Enabled>false</Enabled>
                        <RemoteName>DadosConfig.ini</RemoteName>
                    </Platform>
                </DeployFile>
                <DeployFile LocalName="$(BDS)\Redist\Win32\FireDACMSSQLDriver190.bpl" Configuration="Debug" Class="DependencyPackage"/>
                <DeployFile LocalName="Win32\Debug\db2\Operacao.db" Class="File">
                    <Platform Name="Win64">
                        <Enabled>false</Enabled>
                        <RemoteName>Operacao.db</RemoteName>
                    </Platform>
                </DeployFile>
                <DeployFile LocalName="D:\Embarcadero\DevExpress VCL\Library\RS19\dxThemeRS19.bpl" Configuration="Debug" Class="DependencyPackage"/>
                <DeployFile LocalName="D:\Embarcadero\DevExpress VCL\Library\RS19\dxSkiniMaginaryRS19.bpl" Configuration="Debug" Class="DependencyPackage"/>
                <DeployFile LocalName="D:\Embarcadero\DevExpress VCL\Library\RS19\dxSkinXmas2008BlueRS19.bpl" Configuration="Debug" Class="DependencyPackage"/>
                <DeployFile LocalName="Win32\Debug\BradyBrazil.exe" Configuration="Debug" Class="ProjectOutput">
                    <Platform Name="Win32"/>
                </DeployFile>
                <DeployFile LocalName="D:\Embarcadero\DevExpress VCL\Library\RS19\dxSkinOffice2007BlueRS19.bpl" Configuration="Debug" Class="DependencyPackage"/>
                <DeployFile LocalName="Win32\Release\Brady.exe" Configuration="Release" Class="ProjectOutput"/>
                <DeployFile LocalName="D:\Embarcadero\DevExpress VCL\Library\RS19\dxGDIPlusRS19.bpl" Configuration="Debug" Class="DependencyPackage"/>
                <DeployFile LocalName="$(BDS)\Redist\Win32\vclFireDAC190.bpl" Configuration="Debug" Class="DependencyPackage"/>
                <DeployFile LocalName="D:\Embarcadero\DevExpress VCL\Library\RS19\cxPageControlRS19.bpl" Configuration="Debug" Class="DependencyPackage"/>
                <ProjectRoot Platform="Android" Name="$(PROJECTNAME)"/>
                <ProjectRoot Platform="iOSDevice" Name="$(PROJECTNAME).app"/>
                <ProjectRoot Platform="Win32" Name="$(PROJECTNAME)"/>
                <ProjectRoot Platform="OSX32" Name="$(PROJECTNAME).app"/>
                <ProjectRoot Platform="iOSSimulator" Name="$(PROJECTNAME).app"/>
                <ProjectRoot Platform="Win64" Name="$(PROJECTNAME)"/>
            </Deployment>
            <Platforms>
                <Platform value="Win32">True</Platform>
                <Platform value="Win64">True</Platform>
            </Platforms>
            <ModelSupport>False</ModelSupport>
        </BorlandProject>
        <ProjectFileVersion>12</ProjectFileVersion>
    </ProjectExtensions>
    <Import Project="$(BDS)\Bin\CodeGear.Delphi.Targets" Condition="Exists('$(BDS)\Bin\CodeGear.Delphi.Targets')"/>
    <Import Project="$(APPDATA)\Embarcadero\$(BDSAPPDATABASEDIR)\$(PRODUCTVERSION)\UserTools.proj" Condition="Exists('$(APPDATA)\Embarcadero\$(BDSAPPDATABASEDIR)\$(PRODUCTVERSION)\UserTools.proj')"/>
    <Import Project="$(MSBuildProjectName).deployproj" Condition="Exists('$(MSBuildProjectName).deployproj')"/>
</Project>
